
Microsoft Visual Studio Solution File, Format Version 12.00
# Visual Studio Version 17
VisualStudioVersion = 17.11.35312.102
MinimumVisualStudioVersion = 10.0.40219.1
Project("{9A19103F-16F7-4668-BE54-9A1E7A4F7556}") = "LabWorkOrganization.Tests", "LabWorkOrganization.Tests.csproj", "{BC2F6CA0-F277-4C2D-8F86-54D7ED4B66A6}"
EndProject
Global
	GlobalSection(SolutionConfigurationPlatforms) = preSolution
		Debug|Any CPU = Debug|Any CPU
		Release|Any CPU = Release|Any CPU
	EndGlobalSection
	GlobalSection(ProjectConfigurationPlatforms) = postSolution
		{BC2F6CA0-F277-4C2D-8F86-54D7ED4B66A6}.Debug|Any CPU.ActiveCfg = Debug|Any CPU
		{BC2F6CA0-F277-4C2D-8F86-54D7ED4B66A6}.Debug|Any CPU.Build.0 = Debug|Any CPU
		{BC2F6CA0-F277-4C2D-8F86-54D7ED4B66A6}.Release|Any CPU.ActiveCfg = Release|Any CPU
		{BC2F6CA0-F277-4C2D-8F86-54D7ED4B66A6}.Release|Any CPU.Build.0 = Release|Any CPU
	EndGlobalSection
	GlobalSection(SolutionProperties) = preSolution
		HideSolutionNode = FALSE
	EndGlobalSection
	GlobalSection(ExtensibilityGlobals) = postSolution
		SolutionGuid = {B75E6618-F63F-4966-A7DF-E3BA5DB4A82A}
	EndGlobalSection
EndGlobal
